
Microsoft Visual Studio Solution File, Format Version 12.00
# Visual Studio 15
VisualStudioVersion = 15.0.26430.12
MinimumVisualStudioVersion = 10.0.40219.1
Project("{FAE04EC0-301F-11D3-BF4B-00C04F79EFBC}") = "Tizen.NUI.Xaml.Samples", "Tizen.NUI.Xaml.Samples.csproj", "{954B7E72-9810-47F2-A665-E4B66F8F8059}"
EndProject
Project("{9A19103F-16F7-4668-BE54-9A1E7A4F7556}") = "Tizen.System.SystemSettings", "..\..\src\Tizen.System.SystemSettings\Tizen.System.SystemSettings.csproj", "{8D71B1B6-9901-436F-8914-9F812E1B10A7}"
EndProject
Project("{9A19103F-16F7-4668-BE54-9A1E7A4F7556}") = "Tizen", "..\..\src\Tizen\Tizen.csproj", "{33B7EFD5-0050-416D-A2D1-8F18F26F106D}"
EndProject
Project("{9A19103F-16F7-4668-BE54-9A1E7A4F7556}") = "Tizen.Log", "..\..\src\Tizen.Log\Tizen.Log.csproj", "{1C550C1F-9370-42FF-86FA-EDCD6262B258}"
EndProject
Project("{9A19103F-16F7-4668-BE54-9A1E7A4F7556}") = "Tizen.Applications.Common", "..\..\src\Tizen.Applications.Common\Tizen.Applications.Common.csproj", "{2AEDCAA7-543F-48A1-BEA3-CF3E14F6EDC2}"
EndProject
Project("{8BC9CEB8-8B4A-11D0-8D11-00A0C91BC942}") = "dali-csharp-binder", "..\..\Dali\windows-dependencies\Solution\dali-csharp-binder\dali-csharp-binder.vcxproj", "{B645AB4D-59AD-49AD-BC1E-01A18F08B958}"
EndProject
Project("{8BC9CEB8-8B4A-11D0-8D11-00A0C91BC942}") = "libcapi-appfw-app-common", "..\..\Dali\windows-dependencies\thirdPart\libcapi-appfw-app-common\libcapi-appfw-app-common.vcxproj", "{90A8A4F0-FA2D-4D8D-AEB8-3EE042021F33}"
EndProject
Project("{8BC9CEB8-8B4A-11D0-8D11-00A0C91BC942}") = "libcapi-appfw-app-manager", "..\..\Dali\windows-dependencies\thirdPart\libcapi-appfw-app-manager\libcapi-appfw-app-manager.vcxproj", "{78D2821F-9722-4085-A45B-AF3FDB44D24A}"
EndProject
Project("{8BC9CEB8-8B4A-11D0-8D11-00A0C91BC942}") = "dali-core", "..\..\Dali\windows-dependencies\Solution\dali-core\dali-core.vcxproj", "{6517E691-3A75-3CF9-B432-27A54ACDDDD0}"
EndProject
Project("{8BC9CEB8-8B4A-11D0-8D11-00A0C91BC942}") = "dali-adaptor", "..\..\Dali\windows-dependencies\Solution\dali-adaptor\dali-adaptor.vcxproj", "{B3CB580D-6490-396F-AE20-CF15975D70FE}"
EndProject
Project("{8BC9CEB8-8B4A-11D0-8D11-00A0C91BC942}") = "dali-toolkit", "..\..\Dali\windows-dependencies\Solution\dali-toolkit\dali-toolkit.vcxproj", "{827E353D-76EB-34E5-8261-756EEB05C6E0}"
EndProject
Project("{9A19103F-16F7-4668-BE54-9A1E7A4F7556}") = "Tizen.NUI.Xaml", "..\..\src\Tizen.NUI.Xaml\Tizen.NUI.Xaml.csproj", "{1E08B7BE-2A96-481C-A691-413902B9FA40}"
EndProject
Project("{9A19103F-16F7-4668-BE54-9A1E7A4F7556}") = "Tizen.NUI", "..\..\src\Tizen.NUI\Tizen.NUI.csproj", "{B69C603F-AE97-4DD7-ACF5-9C38A62E0EDE}"
EndProject
Global
	GlobalSection(SolutionConfigurationPlatforms) = preSolution
		Debug|Any CPU = Debug|Any CPU
		Debug|x64 = Debug|x64
		Debug|x86 = Debug|x86
		MinSizeRel|Any CPU = MinSizeRel|Any CPU
		MinSizeRel|x64 = MinSizeRel|x64
		MinSizeRel|x86 = MinSizeRel|x86
		Release|Any CPU = Release|Any CPU
		Release|x64 = Release|x64
		Release|x86 = Release|x86
		RelWithDebInfo|Any CPU = RelWithDebInfo|Any CPU
		RelWithDebInfo|x64 = RelWithDebInfo|x64
		RelWithDebInfo|x86 = RelWithDebInfo|x86
	EndGlobalSection
	GlobalSection(ProjectConfigurationPlatforms) = postSolution
		{954B7E72-9810-47F2-A665-E4B66F8F8059}.Debug|Any CPU.ActiveCfg = Debug|x86
		{954B7E72-9810-47F2-A665-E4B66F8F8059}.Debug|x64.ActiveCfg = Debug|x86
		{954B7E72-9810-47F2-A665-E4B66F8F8059}.Debug|x86.ActiveCfg = Debug|x86
		{954B7E72-9810-47F2-A665-E4B66F8F8059}.Debug|x86.Build.0 = Debug|x86
		{954B7E72-9810-47F2-A665-E4B66F8F8059}.MinSizeRel|Any CPU.ActiveCfg = Release|x86
		{954B7E72-9810-47F2-A665-E4B66F8F8059}.MinSizeRel|Any CPU.Build.0 = Release|x86
		{954B7E72-9810-47F2-A665-E4B66F8F8059}.MinSizeRel|x64.ActiveCfg = Release|x86
		{954B7E72-9810-47F2-A665-E4B66F8F8059}.MinSizeRel|x64.Build.0 = Release|x86
		{954B7E72-9810-47F2-A665-E4B66F8F8059}.MinSizeRel|x86.ActiveCfg = Release|x86
		{954B7E72-9810-47F2-A665-E4B66F8F8059}.MinSizeRel|x86.Build.0 = Release|x86
		{954B7E72-9810-47F2-A665-E4B66F8F8059}.Release|Any CPU.ActiveCfg = Release|x86
		{954B7E72-9810-47F2-A665-E4B66F8F8059}.Release|x64.ActiveCfg = Release|x86
		{954B7E72-9810-47F2-A665-E4B66F8F8059}.Release|x86.ActiveCfg = Release|x86
		{954B7E72-9810-47F2-A665-E4B66F8F8059}.Release|x86.Build.0 = Release|x86
		{954B7E72-9810-47F2-A665-E4B66F8F8059}.RelWithDebInfo|Any CPU.ActiveCfg = Release|x86
		{954B7E72-9810-47F2-A665-E4B66F8F8059}.RelWithDebInfo|Any CPU.Build.0 = Release|x86
		{954B7E72-9810-47F2-A665-E4B66F8F8059}.RelWithDebInfo|x64.ActiveCfg = Release|x86
		{954B7E72-9810-47F2-A665-E4B66F8F8059}.RelWithDebInfo|x64.Build.0 = Release|x86
		{954B7E72-9810-47F2-A665-E4B66F8F8059}.RelWithDebInfo|x86.ActiveCfg = Release|x86
		{954B7E72-9810-47F2-A665-E4B66F8F8059}.RelWithDebInfo|x86.Build.0 = Release|x86
		{8D71B1B6-9901-436F-8914-9F812E1B10A7}.Debug|Any CPU.ActiveCfg = Debug|Any CPU
		{8D71B1B6-9901-436F-8914-9F812E1B10A7}.Debug|Any CPU.Build.0 = Debug|Any CPU
		{8D71B1B6-9901-436F-8914-9F812E1B10A7}.Debug|x64.ActiveCfg = Debug|Any CPU
		{8D71B1B6-9901-436F-8914-9F812E1B10A7}.Debug|x64.Build.0 = Debug|Any CPU
		{8D71B1B6-9901-436F-8914-9F812E1B10A7}.Debug|x86.ActiveCfg = Debug|Any CPU
		{8D71B1B6-9901-436F-8914-9F812E1B10A7}.Debug|x86.Build.0 = Debug|Any CPU
		{8D71B1B6-9901-436F-8914-9F812E1B10A7}.MinSizeRel|Any CPU.ActiveCfg = Release|Any CPU
		{8D71B1B6-9901-436F-8914-9F812E1B10A7}.MinSizeRel|Any CPU.Build.0 = Release|Any CPU
		{8D71B1B6-9901-436F-8914-9F812E1B10A7}.MinSizeRel|x64.ActiveCfg = Release|Any CPU
		{8D71B1B6-9901-436F-8914-9F812E1B10A7}.MinSizeRel|x64.Build.0 = Release|Any CPU
		{8D71B1B6-9901-436F-8914-9F812E1B10A7}.MinSizeRel|x86.ActiveCfg = Release|Any CPU
		{8D71B1B6-9901-436F-8914-9F812E1B10A7}.MinSizeRel|x86.Build.0 = Release|Any CPU
		{8D71B1B6-9901-436F-8914-9F812E1B10A7}.Release|Any CPU.ActiveCfg = Release|Any CPU
		{8D71B1B6-9901-436F-8914-9F812E1B10A7}.Release|Any CPU.Build.0 = Release|Any CPU
		{8D71B1B6-9901-436F-8914-9F812E1B10A7}.Release|x64.ActiveCfg = Release|Any CPU
		{8D71B1B6-9901-436F-8914-9F812E1B10A7}.Release|x64.Build.0 = Release|Any CPU
		{8D71B1B6-9901-436F-8914-9F812E1B10A7}.Release|x86.ActiveCfg = Release|Any CPU
		{8D71B1B6-9901-436F-8914-9F812E1B10A7}.Release|x86.Build.0 = Release|Any CPU
		{8D71B1B6-9901-436F-8914-9F812E1B10A7}.RelWithDebInfo|Any CPU.ActiveCfg = Release|Any CPU
		{8D71B1B6-9901-436F-8914-9F812E1B10A7}.RelWithDebInfo|Any CPU.Build.0 = Release|Any CPU
		{8D71B1B6-9901-436F-8914-9F812E1B10A7}.RelWithDebInfo|x64.ActiveCfg = Release|Any CPU
		{8D71B1B6-9901-436F-8914-9F812E1B10A7}.RelWithDebInfo|x64.Build.0 = Release|Any CPU
		{8D71B1B6-9901-436F-8914-9F812E1B10A7}.RelWithDebInfo|x86.ActiveCfg = Release|Any CPU
		{8D71B1B6-9901-436F-8914-9F812E1B10A7}.RelWithDebInfo|x86.Build.0 = Release|Any CPU
		{33B7EFD5-0050-416D-A2D1-8F18F26F106D}.Debug|Any CPU.ActiveCfg = Debug|Any CPU
		{33B7EFD5-0050-416D-A2D1-8F18F26F106D}.Debug|Any CPU.Build.0 = Debug|Any CPU
		{33B7EFD5-0050-416D-A2D1-8F18F26F106D}.Debug|x64.ActiveCfg = Debug|Any CPU
		{33B7EFD5-0050-416D-A2D1-8F18F26F106D}.Debug|x64.Build.0 = Debug|Any CPU
		{33B7EFD5-0050-416D-A2D1-8F18F26F106D}.Debug|x86.ActiveCfg = Debug|Any CPU
		{33B7EFD5-0050-416D-A2D1-8F18F26F106D}.Debug|x86.Build.0 = Debug|Any CPU
		{33B7EFD5-0050-416D-A2D1-8F18F26F106D}.MinSizeRel|Any CPU.ActiveCfg = Release|Any CPU
		{33B7EFD5-0050-416D-A2D1-8F18F26F106D}.MinSizeRel|Any CPU.Build.0 = Release|Any CPU
		{33B7EFD5-0050-416D-A2D1-8F18F26F106D}.MinSizeRel|x64.ActiveCfg = Release|Any CPU
		{33B7EFD5-0050-416D-A2D1-8F18F26F106D}.MinSizeRel|x64.Build.0 = Release|Any CPU
		{33B7EFD5-0050-416D-A2D1-8F18F26F106D}.MinSizeRel|x86.ActiveCfg = Release|Any CPU
		{33B7EFD5-0050-416D-A2D1-8F18F26F106D}.MinSizeRel|x86.Build.0 = Release|Any CPU
		{33B7EFD5-0050-416D-A2D1-8F18F26F106D}.Release|Any CPU.ActiveCfg = Release|Any CPU
		{33B7EFD5-0050-416D-A2D1-8F18F26F106D}.Release|Any CPU.Build.0 = Release|Any CPU
		{33B7EFD5-0050-416D-A2D1-8F18F26F106D}.Release|x64.ActiveCfg = Release|Any CPU
		{33B7EFD5-0050-416D-A2D1-8F18F26F106D}.Release|x64.Build.0 = Release|Any CPU
		{33B7EFD5-0050-416D-A2D1-8F18F26F106D}.Release|x86.ActiveCfg = Release|Any CPU
		{33B7EFD5-0050-416D-A2D1-8F18F26F106D}.Release|x86.Build.0 = Release|Any CPU
		{33B7EFD5-0050-416D-A2D1-8F18F26F106D}.RelWithDebInfo|Any CPU.ActiveCfg = Release|Any CPU
		{33B7EFD5-0050-416D-A2D1-8F18F26F106D}.RelWithDebInfo|Any CPU.Build.0 = Release|Any CPU
		{33B7EFD5-0050-416D-A2D1-8F18F26F106D}.RelWithDebInfo|x64.ActiveCfg = Release|Any CPU
		{33B7EFD5-0050-416D-A2D1-8F18F26F106D}.RelWithDebInfo|x64.Build.0 = Release|Any CPU
		{33B7EFD5-0050-416D-A2D1-8F18F26F106D}.RelWithDebInfo|x86.ActiveCfg = Release|Any CPU
		{33B7EFD5-0050-416D-A2D1-8F18F26F106D}.RelWithDebInfo|x86.Build.0 = Release|Any CPU
		{1C550C1F-9370-42FF-86FA-EDCD6262B258}.Debug|Any CPU.ActiveCfg = Debug|Any CPU
		{1C550C1F-9370-42FF-86FA-EDCD6262B258}.Debug|Any CPU.Build.0 = Debug|Any CPU
		{1C550C1F-9370-42FF-86FA-EDCD6262B258}.Debug|x64.ActiveCfg = Debug|Any CPU
		{1C550C1F-9370-42FF-86FA-EDCD6262B258}.Debug|x64.Build.0 = Debug|Any CPU
		{1C550C1F-9370-42FF-86FA-EDCD6262B258}.Debug|x86.ActiveCfg = Debug|Any CPU
		{1C550C1F-9370-42FF-86FA-EDCD6262B258}.Debug|x86.Build.0 = Debug|Any CPU
		{1C550C1F-9370-42FF-86FA-EDCD6262B258}.MinSizeRel|Any CPU.ActiveCfg = Release|Any CPU
		{1C550C1F-9370-42FF-86FA-EDCD6262B258}.MinSizeRel|Any CPU.Build.0 = Release|Any CPU
		{1C550C1F-9370-42FF-86FA-EDCD6262B258}.MinSizeRel|x64.ActiveCfg = Release|Any CPU
		{1C550C1F-9370-42FF-86FA-EDCD6262B258}.MinSizeRel|x64.Build.0 = Release|Any CPU
		{1C550C1F-9370-42FF-86FA-EDCD6262B258}.MinSizeRel|x86.ActiveCfg = Release|Any CPU
		{1C550C1F-9370-42FF-86FA-EDCD6262B258}.MinSizeRel|x86.Build.0 = Release|Any CPU
		{1C550C1F-9370-42FF-86FA-EDCD6262B258}.Release|Any CPU.ActiveCfg = Release|Any CPU
		{1C550C1F-9370-42FF-86FA-EDCD6262B258}.Release|Any CPU.Build.0 = Release|Any CPU
		{1C550C1F-9370-42FF-86FA-EDCD6262B258}.Release|x64.ActiveCfg = Release|Any CPU
		{1C550C1F-9370-42FF-86FA-EDCD6262B258}.Release|x64.Build.0 = Release|Any CPU
		{1C550C1F-9370-42FF-86FA-EDCD6262B258}.Release|x86.ActiveCfg = Release|Any CPU
		{1C550C1F-9370-42FF-86FA-EDCD6262B258}.Release|x86.Build.0 = Release|Any CPU
		{1C550C1F-9370-42FF-86FA-EDCD6262B258}.RelWithDebInfo|Any CPU.ActiveCfg = Release|Any CPU
		{1C550C1F-9370-42FF-86FA-EDCD6262B258}.RelWithDebInfo|Any CPU.Build.0 = Release|Any CPU
		{1C550C1F-9370-42FF-86FA-EDCD6262B258}.RelWithDebInfo|x64.ActiveCfg = Release|Any CPU
		{1C550C1F-9370-42FF-86FA-EDCD6262B258}.RelWithDebInfo|x64.Build.0 = Release|Any CPU
		{1C550C1F-9370-42FF-86FA-EDCD6262B258}.RelWithDebInfo|x86.ActiveCfg = Release|Any CPU
		{1C550C1F-9370-42FF-86FA-EDCD6262B258}.RelWithDebInfo|x86.Build.0 = Release|Any CPU
		{2AEDCAA7-543F-48A1-BEA3-CF3E14F6EDC2}.Debug|Any CPU.ActiveCfg = Debug|Any CPU
		{2AEDCAA7-543F-48A1-BEA3-CF3E14F6EDC2}.Debug|Any CPU.Build.0 = Debug|Any CPU
		{2AEDCAA7-543F-48A1-BEA3-CF3E14F6EDC2}.Debug|x64.ActiveCfg = Debug|Any CPU
		{2AEDCAA7-543F-48A1-BEA3-CF3E14F6EDC2}.Debug|x64.Build.0 = Debug|Any CPU
		{2AEDCAA7-543F-48A1-BEA3-CF3E14F6EDC2}.Debug|x86.ActiveCfg = Debug|Any CPU
		{2AEDCAA7-543F-48A1-BEA3-CF3E14F6EDC2}.Debug|x86.Build.0 = Debug|Any CPU
		{2AEDCAA7-543F-48A1-BEA3-CF3E14F6EDC2}.MinSizeRel|Any CPU.ActiveCfg = Release|Any CPU
		{2AEDCAA7-543F-48A1-BEA3-CF3E14F6EDC2}.MinSizeRel|Any CPU.Build.0 = Release|Any CPU
		{2AEDCAA7-543F-48A1-BEA3-CF3E14F6EDC2}.MinSizeRel|x64.ActiveCfg = Release|Any CPU
		{2AEDCAA7-543F-48A1-BEA3-CF3E14F6EDC2}.MinSizeRel|x64.Build.0 = Release|Any CPU
		{2AEDCAA7-543F-48A1-BEA3-CF3E14F6EDC2}.MinSizeRel|x86.ActiveCfg = Release|Any CPU
		{2AEDCAA7-543F-48A1-BEA3-CF3E14F6EDC2}.MinSizeRel|x86.Build.0 = Release|Any CPU
		{2AEDCAA7-543F-48A1-BEA3-CF3E14F6EDC2}.Release|Any CPU.ActiveCfg = Release|Any CPU
		{2AEDCAA7-543F-48A1-BEA3-CF3E14F6EDC2}.Release|Any CPU.Build.0 = Release|Any CPU
		{2AEDCAA7-543F-48A1-BEA3-CF3E14F6EDC2}.Release|x64.ActiveCfg = Release|Any CPU
		{2AEDCAA7-543F-48A1-BEA3-CF3E14F6EDC2}.Release|x64.Build.0 = Release|Any CPU
		{2AEDCAA7-543F-48A1-BEA3-CF3E14F6EDC2}.Release|x86.ActiveCfg = Release|Any CPU
		{2AEDCAA7-543F-48A1-BEA3-CF3E14F6EDC2}.Release|x86.Build.0 = Release|Any CPU
		{2AEDCAA7-543F-48A1-BEA3-CF3E14F6EDC2}.RelWithDebInfo|Any CPU.ActiveCfg = Release|Any CPU
		{2AEDCAA7-543F-48A1-BEA3-CF3E14F6EDC2}.RelWithDebInfo|Any CPU.Build.0 = Release|Any CPU
		{2AEDCAA7-543F-48A1-BEA3-CF3E14F6EDC2}.RelWithDebInfo|x64.ActiveCfg = Release|Any CPU
		{2AEDCAA7-543F-48A1-BEA3-CF3E14F6EDC2}.RelWithDebInfo|x64.Build.0 = Release|Any CPU
		{2AEDCAA7-543F-48A1-BEA3-CF3E14F6EDC2}.RelWithDebInfo|x86.ActiveCfg = Release|Any CPU
		{2AEDCAA7-543F-48A1-BEA3-CF3E14F6EDC2}.RelWithDebInfo|x86.Build.0 = Release|Any CPU
		{B645AB4D-59AD-49AD-BC1E-01A18F08B958}.Debug|Any CPU.ActiveCfg = Debug|Win32
		{B645AB4D-59AD-49AD-BC1E-01A18F08B958}.Debug|x64.ActiveCfg = Debug|x64
		{B645AB4D-59AD-49AD-BC1E-01A18F08B958}.Debug|x64.Build.0 = Debug|x64
		{B645AB4D-59AD-49AD-BC1E-01A18F08B958}.Debug|x86.ActiveCfg = Debug|Win32
		{B645AB4D-59AD-49AD-BC1E-01A18F08B958}.Debug|x86.Build.0 = Debug|Win32
		{B645AB4D-59AD-49AD-BC1E-01A18F08B958}.MinSizeRel|Any CPU.ActiveCfg = Release|x64
		{B645AB4D-59AD-49AD-BC1E-01A18F08B958}.MinSizeRel|Any CPU.Build.0 = Release|x64
		{B645AB4D-59AD-49AD-BC1E-01A18F08B958}.MinSizeRel|x64.ActiveCfg = Release|x64
		{B645AB4D-59AD-49AD-BC1E-01A18F08B958}.MinSizeRel|x64.Build.0 = Release|x64
		{B645AB4D-59AD-49AD-BC1E-01A18F08B958}.MinSizeRel|x86.ActiveCfg = Release|Win32
		{B645AB4D-59AD-49AD-BC1E-01A18F08B958}.MinSizeRel|x86.Build.0 = Release|Win32
		{B645AB4D-59AD-49AD-BC1E-01A18F08B958}.Release|Any CPU.ActiveCfg = Release|Win32
		{B645AB4D-59AD-49AD-BC1E-01A18F08B958}.Release|x64.ActiveCfg = Release|x64
		{B645AB4D-59AD-49AD-BC1E-01A18F08B958}.Release|x64.Build.0 = Release|x64
		{B645AB4D-59AD-49AD-BC1E-01A18F08B958}.Release|x86.ActiveCfg = Release|Win32
		{B645AB4D-59AD-49AD-BC1E-01A18F08B958}.Release|x86.Build.0 = Release|Win32
		{B645AB4D-59AD-49AD-BC1E-01A18F08B958}.RelWithDebInfo|Any CPU.ActiveCfg = Release|x64
		{B645AB4D-59AD-49AD-BC1E-01A18F08B958}.RelWithDebInfo|Any CPU.Build.0 = Release|x64
		{B645AB4D-59AD-49AD-BC1E-01A18F08B958}.RelWithDebInfo|x64.ActiveCfg = Release|x64
		{B645AB4D-59AD-49AD-BC1E-01A18F08B958}.RelWithDebInfo|x64.Build.0 = Release|x64
		{B645AB4D-59AD-49AD-BC1E-01A18F08B958}.RelWithDebInfo|x86.ActiveCfg = Release|Win32
		{B645AB4D-59AD-49AD-BC1E-01A18F08B958}.RelWithDebInfo|x86.Build.0 = Release|Win32
		{90A8A4F0-FA2D-4D8D-AEB8-3EE042021F33}.Debug|Any CPU.ActiveCfg = Debug|Win32
		{90A8A4F0-FA2D-4D8D-AEB8-3EE042021F33}.Debug|x64.ActiveCfg = Debug|x64
		{90A8A4F0-FA2D-4D8D-AEB8-3EE042021F33}.Debug|x64.Build.0 = Debug|x64
		{90A8A4F0-FA2D-4D8D-AEB8-3EE042021F33}.Debug|x86.ActiveCfg = Debug|Win32
		{90A8A4F0-FA2D-4D8D-AEB8-3EE042021F33}.Debug|x86.Build.0 = Debug|Win32
		{90A8A4F0-FA2D-4D8D-AEB8-3EE042021F33}.MinSizeRel|Any CPU.ActiveCfg = Release|x64
		{90A8A4F0-FA2D-4D8D-AEB8-3EE042021F33}.MinSizeRel|Any CPU.Build.0 = Release|x64
		{90A8A4F0-FA2D-4D8D-AEB8-3EE042021F33}.MinSizeRel|x64.ActiveCfg = Release|x64
		{90A8A4F0-FA2D-4D8D-AEB8-3EE042021F33}.MinSizeRel|x64.Build.0 = Release|x64
		{90A8A4F0-FA2D-4D8D-AEB8-3EE042021F33}.MinSizeRel|x86.ActiveCfg = Release|Win32
		{90A8A4F0-FA2D-4D8D-AEB8-3EE042021F33}.MinSizeRel|x86.Build.0 = Release|Win32
		{90A8A4F0-FA2D-4D8D-AEB8-3EE042021F33}.Release|Any CPU.ActiveCfg = Release|Win32
		{90A8A4F0-FA2D-4D8D-AEB8-3EE042021F33}.Release|x64.ActiveCfg = Release|x64
		{90A8A4F0-FA2D-4D8D-AEB8-3EE042021F33}.Release|x64.Build.0 = Release|x64
		{90A8A4F0-FA2D-4D8D-AEB8-3EE042021F33}.Release|x86.ActiveCfg = Release|Win32
		{90A8A4F0-FA2D-4D8D-AEB8-3EE042021F33}.Release|x86.Build.0 = Release|Win32
		{90A8A4F0-FA2D-4D8D-AEB8-3EE042021F33}.RelWithDebInfo|Any CPU.ActiveCfg = Release|x64
		{90A8A4F0-FA2D-4D8D-AEB8-3EE042021F33}.RelWithDebInfo|Any CPU.Build.0 = Release|x64
		{90A8A4F0-FA2D-4D8D-AEB8-3EE042021F33}.RelWithDebInfo|x64.ActiveCfg = Release|x64
		{90A8A4F0-FA2D-4D8D-AEB8-3EE042021F33}.RelWithDebInfo|x64.Build.0 = Release|x64
		{90A8A4F0-FA2D-4D8D-AEB8-3EE042021F33}.RelWithDebInfo|x86.ActiveCfg = Release|Win32
		{90A8A4F0-FA2D-4D8D-AEB8-3EE042021F33}.RelWithDebInfo|x86.Build.0 = Release|Win32
		{78D2821F-9722-4085-A45B-AF3FDB44D24A}.Debug|Any CPU.ActiveCfg = Debug|Win32
		{78D2821F-9722-4085-A45B-AF3FDB44D24A}.Debug|x64.ActiveCfg = Debug|x64
		{78D2821F-9722-4085-A45B-AF3FDB44D24A}.Debug|x64.Build.0 = Debug|x64
		{78D2821F-9722-4085-A45B-AF3FDB44D24A}.Debug|x86.ActiveCfg = Debug|Win32
		{78D2821F-9722-4085-A45B-AF3FDB44D24A}.Debug|x86.Build.0 = Debug|Win32
		{78D2821F-9722-4085-A45B-AF3FDB44D24A}.MinSizeRel|Any CPU.ActiveCfg = Release|x64
		{78D2821F-9722-4085-A45B-AF3FDB44D24A}.MinSizeRel|Any CPU.Build.0 = Release|x64
		{78D2821F-9722-4085-A45B-AF3FDB44D24A}.MinSizeRel|x64.ActiveCfg = Release|x64
		{78D2821F-9722-4085-A45B-AF3FDB44D24A}.MinSizeRel|x64.Build.0 = Release|x64
		{78D2821F-9722-4085-A45B-AF3FDB44D24A}.MinSizeRel|x86.ActiveCfg = Release|Win32
		{78D2821F-9722-4085-A45B-AF3FDB44D24A}.MinSizeRel|x86.Build.0 = Release|Win32
		{78D2821F-9722-4085-A45B-AF3FDB44D24A}.Release|Any CPU.ActiveCfg = Release|Win32
		{78D2821F-9722-4085-A45B-AF3FDB44D24A}.Release|x64.ActiveCfg = Release|x64
		{78D2821F-9722-4085-A45B-AF3FDB44D24A}.Release|x64.Build.0 = Release|x64
		{78D2821F-9722-4085-A45B-AF3FDB44D24A}.Release|x86.ActiveCfg = Release|Win32
		{78D2821F-9722-4085-A45B-AF3FDB44D24A}.Release|x86.Build.0 = Release|Win32
		{78D2821F-9722-4085-A45B-AF3FDB44D24A}.RelWithDebInfo|Any CPU.ActiveCfg = Release|x64
		{78D2821F-9722-4085-A45B-AF3FDB44D24A}.RelWithDebInfo|Any CPU.Build.0 = Release|x64
		{78D2821F-9722-4085-A45B-AF3FDB44D24A}.RelWithDebInfo|x64.ActiveCfg = Release|x64
		{78D2821F-9722-4085-A45B-AF3FDB44D24A}.RelWithDebInfo|x64.Build.0 = Release|x64
		{78D2821F-9722-4085-A45B-AF3FDB44D24A}.RelWithDebInfo|x86.ActiveCfg = Release|Win32
		{78D2821F-9722-4085-A45B-AF3FDB44D24A}.RelWithDebInfo|x86.Build.0 = Release|Win32
		{6517E691-3A75-3CF9-B432-27A54ACDDDD0}.Debug|Any CPU.ActiveCfg = Debug|Win32
		{6517E691-3A75-3CF9-B432-27A54ACDDDD0}.Debug|x64.ActiveCfg = Debug|Win32
		{6517E691-3A75-3CF9-B432-27A54ACDDDD0}.Debug|x86.ActiveCfg = Debug|Win32
		{6517E691-3A75-3CF9-B432-27A54ACDDDD0}.Debug|x86.Build.0 = Debug|Win32
		{6517E691-3A75-3CF9-B432-27A54ACDDDD0}.MinSizeRel|Any CPU.ActiveCfg = MinSizeRel|Win32
		{6517E691-3A75-3CF9-B432-27A54ACDDDD0}.MinSizeRel|x64.ActiveCfg = MinSizeRel|Win32
		{6517E691-3A75-3CF9-B432-27A54ACDDDD0}.MinSizeRel|x86.ActiveCfg = MinSizeRel|Win32
		{6517E691-3A75-3CF9-B432-27A54ACDDDD0}.MinSizeRel|x86.Build.0 = MinSizeRel|Win32
		{6517E691-3A75-3CF9-B432-27A54ACDDDD0}.Release|Any CPU.ActiveCfg = Release|Win32
		{6517E691-3A75-3CF9-B432-27A54ACDDDD0}.Release|x64.ActiveCfg = Release|Win32
		{6517E691-3A75-3CF9-B432-27A54ACDDDD0}.Release|x86.ActiveCfg = Release|Win32
		{6517E691-3A75-3CF9-B432-27A54ACDDDD0}.Release|x86.Build.0 = Release|Win32
		{6517E691-3A75-3CF9-B432-27A54ACDDDD0}.RelWithDebInfo|Any CPU.ActiveCfg = RelWithDebInfo|Win32
		{6517E691-3A75-3CF9-B432-27A54ACDDDD0}.RelWithDebInfo|x64.ActiveCfg = RelWithDebInfo|Win32
		{6517E691-3A75-3CF9-B432-27A54ACDDDD0}.RelWithDebInfo|x86.ActiveCfg = RelWithDebInfo|Win32
		{6517E691-3A75-3CF9-B432-27A54ACDDDD0}.RelWithDebInfo|x86.Build.0 = RelWithDebInfo|Win32
		{B3CB580D-6490-396F-AE20-CF15975D70FE}.Debug|Any CPU.ActiveCfg = Debug|Win32
		{B3CB580D-6490-396F-AE20-CF15975D70FE}.Debug|x64.ActiveCfg = Debug|Win32
		{B3CB580D-6490-396F-AE20-CF15975D70FE}.Debug|x86.ActiveCfg = Debug|Win32
		{B3CB580D-6490-396F-AE20-CF15975D70FE}.Debug|x86.Build.0 = Debug|Win32
		{B3CB580D-6490-396F-AE20-CF15975D70FE}.MinSizeRel|Any CPU.ActiveCfg = MinSizeRel|Win32
		{B3CB580D-6490-396F-AE20-CF15975D70FE}.MinSizeRel|x64.ActiveCfg = MinSizeRel|Win32
		{B3CB580D-6490-396F-AE20-CF15975D70FE}.MinSizeRel|x86.ActiveCfg = MinSizeRel|Win32
		{B3CB580D-6490-396F-AE20-CF15975D70FE}.MinSizeRel|x86.Build.0 = MinSizeRel|Win32
		{B3CB580D-6490-396F-AE20-CF15975D70FE}.Release|Any CPU.ActiveCfg = Release|Win32
		{B3CB580D-6490-396F-AE20-CF15975D70FE}.Release|x64.ActiveCfg = Release|Win32
		{B3CB580D-6490-396F-AE20-CF15975D70FE}.Release|x86.ActiveCfg = Release|Win32
		{B3CB580D-6490-396F-AE20-CF15975D70FE}.Release|x86.Build.0 = Release|Win32
		{B3CB580D-6490-396F-AE20-CF15975D70FE}.RelWithDebInfo|Any CPU.ActiveCfg = RelWithDebInfo|Win32
		{B3CB580D-6490-396F-AE20-CF15975D70FE}.RelWithDebInfo|x64.ActiveCfg = RelWithDebInfo|Win32
		{B3CB580D-6490-396F-AE20-CF15975D70FE}.RelWithDebInfo|x86.ActiveCfg = RelWithDebInfo|Win32
		{B3CB580D-6490-396F-AE20-CF15975D70FE}.RelWithDebInfo|x86.Build.0 = RelWithDebInfo|Win32
		{827E353D-76EB-34E5-8261-756EEB05C6E0}.Debug|Any CPU.ActiveCfg = Debug|Win32
		{827E353D-76EB-34E5-8261-756EEB05C6E0}.Debug|x64.ActiveCfg = Debug|Win32
		{827E353D-76EB-34E5-8261-756EEB05C6E0}.Debug|x86.ActiveCfg = Debug|Win32
		{827E353D-76EB-34E5-8261-756EEB05C6E0}.Debug|x86.Build.0 = Debug|Win32
		{827E353D-76EB-34E5-8261-756EEB05C6E0}.MinSizeRel|Any CPU.ActiveCfg = MinSizeRel|Win32
		{827E353D-76EB-34E5-8261-756EEB05C6E0}.MinSizeRel|x64.ActiveCfg = MinSizeRel|Win32
		{827E353D-76EB-34E5-8261-756EEB05C6E0}.MinSizeRel|x86.ActiveCfg = MinSizeRel|Win32
		{827E353D-76EB-34E5-8261-756EEB05C6E0}.MinSizeRel|x86.Build.0 = MinSizeRel|Win32
		{827E353D-76EB-34E5-8261-756EEB05C6E0}.Release|Any CPU.ActiveCfg = Release|Win32
		{827E353D-76EB-34E5-8261-756EEB05C6E0}.Release|x64.ActiveCfg = Release|Win32
		{827E353D-76EB-34E5-8261-756EEB05C6E0}.Release|x86.ActiveCfg = Release|Win32
		{827E353D-76EB-34E5-8261-756EEB05C6E0}.Release|x86.Build.0 = Release|Win32
		{827E353D-76EB-34E5-8261-756EEB05C6E0}.RelWithDebInfo|Any CPU.ActiveCfg = RelWithDebInfo|Win32
		{827E353D-76EB-34E5-8261-756EEB05C6E0}.RelWithDebInfo|x64.ActiveCfg = RelWithDebInfo|Win32
		{827E353D-76EB-34E5-8261-756EEB05C6E0}.RelWithDebInfo|x86.ActiveCfg = RelWithDebInfo|Win32
		{827E353D-76EB-34E5-8261-756EEB05C6E0}.RelWithDebInfo|x86.Build.0 = RelWithDebInfo|Win32
		{1E08B7BE-2A96-481C-A691-413902B9FA40}.Debug|Any CPU.ActiveCfg = Debug|Any CPU
		{1E08B7BE-2A96-481C-A691-413902B9FA40}.Debug|Any CPU.Build.0 = Debug|Any CPU
		{1E08B7BE-2A96-481C-A691-413902B9FA40}.Debug|x64.ActiveCfg = Debug|Any CPU
		{1E08B7BE-2A96-481C-A691-413902B9FA40}.Debug|x64.Build.0 = Debug|Any CPU
		{1E08B7BE-2A96-481C-A691-413902B9FA40}.Debug|x86.ActiveCfg = Debug|Any CPU
		{1E08B7BE-2A96-481C-A691-413902B9FA40}.Debug|x86.Build.0 = Debug|Any CPU
		{1E08B7BE-2A96-481C-A691-413902B9FA40}.MinSizeRel|Any CPU.ActiveCfg = Debug|Any CPU
		{1E08B7BE-2A96-481C-A691-413902B9FA40}.MinSizeRel|Any CPU.Build.0 = Debug|Any CPU
		{1E08B7BE-2A96-481C-A691-413902B9FA40}.MinSizeRel|x64.ActiveCfg = Debug|Any CPU
		{1E08B7BE-2A96-481C-A691-413902B9FA40}.MinSizeRel|x64.Build.0 = Debug|Any CPU
		{1E08B7BE-2A96-481C-A691-413902B9FA40}.MinSizeRel|x86.ActiveCfg = Debug|Any CPU
		{1E08B7BE-2A96-481C-A691-413902B9FA40}.MinSizeRel|x86.Build.0 = Debug|Any CPU
		{1E08B7BE-2A96-481C-A691-413902B9FA40}.Release|Any CPU.ActiveCfg = Release|Any CPU
		{1E08B7BE-2A96-481C-A691-413902B9FA40}.Release|Any CPU.Build.0 = Release|Any CPU
		{1E08B7BE-2A96-481C-A691-413902B9FA40}.Release|x64.ActiveCfg = Release|Any CPU
		{1E08B7BE-2A96-481C-A691-413902B9FA40}.Release|x64.Build.0 = Release|Any CPU
		{1E08B7BE-2A96-481C-A691-413902B9FA40}.Release|x86.ActiveCfg = Release|Any CPU
		{1E08B7BE-2A96-481C-A691-413902B9FA40}.Release|x86.Build.0 = Release|Any CPU
		{1E08B7BE-2A96-481C-A691-413902B9FA40}.RelWithDebInfo|Any CPU.ActiveCfg = Release|Any CPU
		{1E08B7BE-2A96-481C-A691-413902B9FA40}.RelWithDebInfo|Any CPU.Build.0 = Release|Any CPU
		{1E08B7BE-2A96-481C-A691-413902B9FA40}.RelWithDebInfo|x64.ActiveCfg = Release|Any CPU
		{1E08B7BE-2A96-481C-A691-413902B9FA40}.RelWithDebInfo|x64.Build.0 = Release|Any CPU
		{1E08B7BE-2A96-481C-A691-413902B9FA40}.RelWithDebInfo|x86.ActiveCfg = Release|Any CPU
		{1E08B7BE-2A96-481C-A691-413902B9FA40}.RelWithDebInfo|x86.Build.0 = Release|Any CPU
		{B69C603F-AE97-4DD7-ACF5-9C38A62E0EDE}.Debug|Any CPU.ActiveCfg = Debug|Any CPU
		{B69C603F-AE97-4DD7-ACF5-9C38A62E0EDE}.Debug|Any CPU.Build.0 = Debug|Any CPU
		{B69C603F-AE97-4DD7-ACF5-9C38A62E0EDE}.Debug|x64.ActiveCfg = Debug|Any CPU
		{B69C603F-AE97-4DD7-ACF5-9C38A62E0EDE}.Debug|x64.Build.0 = Debug|Any CPU
		{B69C603F-AE97-4DD7-ACF5-9C38A62E0EDE}.Debug|x86.ActiveCfg = Debug|Any CPU
		{B69C603F-AE97-4DD7-ACF5-9C38A62E0EDE}.Debug|x86.Build.0 = Debug|Any CPU
		{B69C603F-AE97-4DD7-ACF5-9C38A62E0EDE}.MinSizeRel|Any CPU.ActiveCfg = Debug|Any CPU
		{B69C603F-AE97-4DD7-ACF5-9C38A62E0EDE}.MinSizeRel|Any CPU.Build.0 = Debug|Any CPU
		{B69C603F-AE97-4DD7-ACF5-9C38A62E0EDE}.MinSizeRel|x64.ActiveCfg = Debug|Any CPU
		{B69C603F-AE97-4DD7-ACF5-9C38A62E0EDE}.MinSizeRel|x64.Build.0 = Debug|Any CPU
		{B69C603F-AE97-4DD7-ACF5-9C38A62E0EDE}.MinSizeRel|x86.ActiveCfg = Debug|Any CPU
		{B69C603F-AE97-4DD7-ACF5-9C38A62E0EDE}.MinSizeRel|x86.Build.0 = Debug|Any CPU
		{B69C603F-AE97-4DD7-ACF5-9C38A62E0EDE}.Release|Any CPU.ActiveCfg = Release|Any CPU
		{B69C603F-AE97-4DD7-ACF5-9C38A62E0EDE}.Release|Any CPU.Build.0 = Release|Any CPU
		{B69C603F-AE97-4DD7-ACF5-9C38A62E0EDE}.Release|x64.ActiveCfg = Release|Any CPU
		{B69C603F-AE97-4DD7-ACF5-9C38A62E0EDE}.Release|x64.Build.0 = Release|Any CPU
		{B69C603F-AE97-4DD7-ACF5-9C38A62E0EDE}.Release|x86.ActiveCfg = Release|Any CPU
		{B69C603F-AE97-4DD7-ACF5-9C38A62E0EDE}.Release|x86.Build.0 = Release|Any CPU
		{B69C603F-AE97-4DD7-ACF5-9C38A62E0EDE}.RelWithDebInfo|Any CPU.ActiveCfg = Release|Any CPU
		{B69C603F-AE97-4DD7-ACF5-9C38A62E0EDE}.RelWithDebInfo|Any CPU.Build.0 = Release|Any CPU
		{B69C603F-AE97-4DD7-ACF5-9C38A62E0EDE}.RelWithDebInfo|x64.ActiveCfg = Release|Any CPU
		{B69C603F-AE97-4DD7-ACF5-9C38A62E0EDE}.RelWithDebInfo|x64.Build.0 = Release|Any CPU
		{B69C603F-AE97-4DD7-ACF5-9C38A62E0EDE}.RelWithDebInfo|x86.ActiveCfg = Release|Any CPU
		{B69C603F-AE97-4DD7-ACF5-9C38A62E0EDE}.RelWithDebInfo|x86.Build.0 = Release|Any CPU
	EndGlobalSection
	GlobalSection(SolutionProperties) = preSolution
		HideSolutionNode = FALSE
	EndGlobalSection
	GlobalSection(ExtensibilityGlobals) = postSolution
		SolutionGuid = {B931A73E-BB40-4B01-A423-F5D9E561F7AD}
	EndGlobalSection
EndGlobal
